{
  "name": "example-tsc-codebase",
  "lockfileVersion": 3,
  "requires": true,
  "packages": {
    "": {
      "name": "example-tsc-codebase",
      "dependencies": {
        "typescript": "^5.7.3",
        "xstate": "^5.19.2",
        "xstate-tsserver": "file:.."
      }
    },
    "..": {
      "version": "0.0.1",
      "license": "MIT",
      "dependencies": {
        "tree-sitter": "^0.21.1",
        "tree-sitter-typescript": "^0.23.2",
        "typescript": "^5.7.3"
      },
      "devDependencies": {
        "xstate": "^5.19.2"
      }
    },
    "node_modules/typescript": {
      "version": "5.7.3",
      "resolved": "https://registry.npmjs.org/typescript/-/typescript-5.7.3.tgz",
      "integrity": "sha512-84MVSjMEHP+FQRPy3pX9sTVV/INIex71s9TL2Gm5FG/WG1SqXeKyZ0k7/blY/4FdOzI12CBy1vGc4og/eus0fw==",
      "license": "Apache-2.0",
      "bin": {
        "tsc": "bin/tsc",
        "tsserver": "bin/tsserver"
      },
      "engines": {
        "node": ">=14.17"
      }
    },
    "node_modules/xstate": {
      "version": "5.19.2",
      "resolved": "https://registry.npmjs.org/xstate/-/xstate-5.19.2.tgz",
      "integrity": "sha512-B8fL2aP0ogn5aviAXFzI5oZseAMqN00fg/TeDa3ZtatyDcViYLIfuQl4y8qmHCiKZgGEzmnTyNtNQL9oeJE2gw==",
      "license": "MIT",
      "funding": {
        "type": "opencollective",
        "url": "https://opencollective.com/xstate"
      }
    },
    "node_modules/xstate-tsserver": {
      "resolved": "..",
      "link": true
    }
  }
}
